
Microsoft Visual Studio Solution File, Format Version 12.00
# Visual Studio Version 17
VisualStudioVersion = 17.3.32929.385
MinimumVisualStudioVersion = 10.0.40219.1
Project("{FAE04EC0-301F-11D3-BF4B-00C04F79EFBC}") = "Caminho-Minimo", "Caminho-Minimo\Caminho-Minimo.csproj", "{D16482DE-7F40-4E03-A935-4D4FAE185073}"
EndProject
Global
	GlobalSection(SolutionConfigurationPlatforms) = preSolution
		Debug|Any CPU = Debug|Any CPU
		Release|Any CPU = Release|Any CPU
	EndGlobalSection
	GlobalSection(ProjectConfigurationPlatforms) = postSolution
		{D16482DE-7F40-4E03-A935-4D4FAE185073}.Debug|Any CPU.ActiveCfg = Debug|Any CPU
		{D16482DE-7F40-4E03-A935-4D4FAE185073}.Debug|Any CPU.Build.0 = Debug|Any CPU
		{D16482DE-7F40-4E03-A935-4D4FAE185073}.Release|Any CPU.ActiveCfg = Release|Any CPU
		{D16482DE-7F40-4E03-A935-4D4FAE185073}.Release|Any CPU.Build.0 = Release|Any CPU
	EndGlobalSection
	GlobalSection(SolutionProperties) = preSolution
		HideSolutionNode = FALSE
	EndGlobalSection
	GlobalSection(ExtensibilityGlobals) = postSolution
		SolutionGuid = {F0FE3352-4B8C-40EF-BE44-08AB712FCE97}
	EndGlobalSection
EndGlobal
